// !$*UTF8*$!
{
	archiveVersion = 1;
	classes = {
	};
	objectVersion = 46;
	objects = {

/* Begin PBXBuildFile section */
		937C93D31EE6A1EA0046B504 /* main.m in Sources */ = {isa = PBXBuildFile; fileRef = 937C93D21EE6A1EA0046B504 /* main.m */; };
		937C93D61EE6A1EA0046B504 /* AppDelegate.m in Sources */ = {isa = PBXBuildFile; fileRef = 937C93D51EE6A1EA0046B504 /* AppDelegate.m */; };
		937C93D91EE6A1EA0046B504 /* ViewController.m in Sources */ = {isa = PBXBuildFile; fileRef = 937C93D81EE6A1EA0046B504 /* ViewController.m */; };
		937C93DC1EE6A1EA0046B504 /* Main.storyboard in Resources */ = {isa = PBXBuildFile; fileRef = 937C93DA1EE6A1EA0046B504 /* Main.storyboard */; };
		937C93DF1EE6A1EA0046B504 /* reminder.xcdatamodeld in Sources */ = {isa = PBXBuildFile; fileRef = 937C93DD1EE6A1EA0046B504 /* reminder.xcdatamodeld */; };
		937C93E11EE6A1EA0046B504 /* Assets.xcassets in Resources */ = {isa = PBXBuildFile; fileRef = 937C93E01EE6A1EA0046B504 /* Assets.xcassets */; };
		937C93E41EE6A1EA0046B504 /* LaunchScreen.storyboard in Resources */ = {isa = PBXBuildFile; fileRef = 937C93E21EE6A1EA0046B504 /* LaunchScreen.storyboard */; };
		937C93EF1EE6A1EA0046B504 /* reminderTests.m in Sources */ = {isa = PBXBuildFile; fileRef = 937C93EE1EE6A1EA0046B504 /* reminderTests.m */; };
		937C93FA1EE6A1EA0046B504 /* reminderUITests.m in Sources */ = {isa = PBXBuildFile; fileRef = 937C93F91EE6A1EA0046B504 /* reminderUITests.m */; };
		937C940A1EE6B1CB0046B504 /* Task.m in Sources */ = {isa = PBXBuildFile; fileRef = 937C94091EE6B1CB0046B504 /* Task.m */; };
		937C940E1EE6B36C0046B504 /* Singleton.m in Sources */ = {isa = PBXBuildFile; fileRef = 937C940D1EE6B36C0046B504 /* Singleton.m */; };
		937C94121EE6B78E0046B504 /* MainViewController.m in Sources */ = {isa = PBXBuildFile; fileRef = 937C94111EE6B78E0046B504 /* MainViewController.m */; };
		937C94151EE6C7F10046B504 /* AddViewController.m in Sources */ = {isa = PBXBuildFile; fileRef = 937C94141EE6C7F10046B504 /* AddViewController.m */; };
		937C94181EE6CA480046B504 /* PopTaskViewController.m in Sources */ = {isa = PBXBuildFile; fileRef = 937C94171EE6CA480046B504 /* PopTaskViewController.m */; };
		937C941C1EE6CED90046B504 /* NoteCell.m in Sources */ = {isa = PBXBuildFile; fileRef = 937C941B1EE6CED90046B504 /* NoteCell.m */; };
		939FA0561EE825300021CB5A /* Colors.m in Sources */ = {isa = PBXBuildFile; fileRef = 939FA0551EE825300021CB5A /* Colors.m */; };
/* End PBXBuildFile section */

/* Begin PBXContainerItemProxy section */
		937C93EB1EE6A1EA0046B504 /* PBXContainerItemProxy */ = {
			isa = PBXContainerItemProxy;
			containerPortal = 937C93C61EE6A1EA0046B504 /* Project object */;
			proxyType = 1;
			remoteGlobalIDString = 937C93CD1EE6A1EA0046B504;
			remoteInfo = reminder;
		};
		937C93F61EE6A1EA0046B504 /* PBXContainerItemProxy */ = {
			isa = PBXContainerItemProxy;
			containerPortal = 937C93C61EE6A1EA0046B504 /* Project object */;
			proxyType = 1;
			remoteGlobalIDString = 937C93CD1EE6A1EA0046B504;
			remoteInfo = reminder;
		};
/* End PBXContainerItemProxy section */

/* Begin PBXFileReference section */
		937C93CE1EE6A1EA0046B504 /* reminder.app */ = {isa = PBXFileReference; explicitFileType = wrapper.application; includeInIndex = 0; path = reminder.app; sourceTree = BUILT_PRODUCTS_DIR; };
		937C93D21EE6A1EA0046B504 /* main.m */ = {isa = PBXFileReference; lastKnownFileType = sourcecode.c.objc; path = main.m; sourceTree = "<group>"; };
		937C93D41EE6A1EA0046B504 /* AppDelegate.h */ = {isa = PBXFileReference; lastKnownFileType = sourcecode.c.h; path = AppDelegate.h; sourceTree = "<group>"; };
		937C93D51EE6A1EA0046B504 /* AppDelegate.m */ = {isa = PBXFileReference; lastKnownFileType = sourcecode.c.objc; path = AppDelegate.m; sourceTree = "<group>"; };
		937C93D71EE6A1EA0046B504 /* ViewController.h */ = {isa = PBXFileReference; lastKnownFileType = sourcecode.c.h; path = ViewController.h; sourceTree = "<group>"; };
		937C93D81EE6A1EA0046B504 /* ViewController.m */ = {isa = PBXFileReference; lastKnownFileType = sourcecode.c.objc; path = ViewController.m; sourceTree = "<group>"; };
		937C93DB1EE6A1EA0046B504 /* Base */ = {isa = PBXFileReference; lastKnownFileType = file.storyboard; name = Base; path = Base.lproj/Main.storyboard; sourceTree = "<group>"; };
		937C93DE1EE6A1EA0046B504 /* reminder.xcdatamodel */ = {isa = PBXFileReference; lastKnownFileType = wrapper.xcdatamodel; path = reminder.xcdatamodel; sourceTree = "<group>"; };
		937C93E01EE6A1EA0046B504 /* Assets.xcassets */ = {isa = PBXFileReference; lastKnownFileType = folder.assetcatalog; path = Assets.xcassets; sourceTree = "<group>"; };
		937C93E31EE6A1EA0046B504 /* Base */ = {isa = PBXFileReference; lastKnownFileType = file.storyboard; name = Base; path = Base.lproj/LaunchScreen.storyboard; sourceTree = "<group>"; };
		937C93E51EE6A1EA0046B504 /* Info.plist */ = {isa = PBXFileReference; lastKnownFileType = text.plist.xml; path = Info.plist; sourceTree = "<group>"; };
		937C93EA1EE6A1EA0046B504 /* reminderTests.xctest */ = {isa = PBXFileReference; explicitFileType = wrapper.cfbundle; includeInIndex = 0; path = reminderTests.xctest; sourceTree = BUILT_PRODUCTS_DIR; };
		937C93EE1EE6A1EA0046B504 /* reminderTests.m */ = {isa = PBXFileReference; lastKnownFileType = sourcecode.c.objc; path = reminderTests.m; sourceTree = "<group>"; };
		937C93F01EE6A1EA0046B504 /* Info.plist */ = {isa = PBXFileReference; lastKnownFileType = text.plist.xml; path = Info.plist; sourceTree = "<group>"; };
		937C93F51EE6A1EA0046B504 /* reminderUITests.xctest */ = {isa = PBXFileReference; explicitFileType = wrapper.cfbundle; includeInIndex = 0; path = reminderUITests.xctest; sourceTree = BUILT_PRODUCTS_DIR; };
		937C93F91EE6A1EA0046B504 /* reminderUITests.m */ = {isa = PBXFileReference; lastKnownFileType = sourcecode.c.objc; path = reminderUITests.m; sourceTree = "<group>"; };
		937C93FB1EE6A1EB0046B504 /* Info.plist */ = {isa = PBXFileReference; lastKnownFileType = text.plist.xml; path = Info.plist; sourceTree = "<group>"; };
		937C94081EE6B1CB0046B504 /* Task.h */ = {isa = PBXFileReference; fileEncoding = 4; lastKnownFileType = sourcecode.c.h; path = Task.h; sourceTree = "<group>"; };
		937C94091EE6B1CB0046B504 /* Task.m */ = {isa = PBXFileReference; fileEncoding = 4; lastKnownFileType = sourcecode.c.objc; path = Task.m; sourceTree = "<group>"; };
		937C940C1EE6B36C0046B504 /* Singleton.h */ = {isa = PBXFileReference; fileEncoding = 4; lastKnownFileType = sourcecode.c.h; path = Singleton.h; sourceTree = "<group>"; };
		937C940D1EE6B36C0046B504 /* Singleton.m */ = {isa = PBXFileReference; fileEncoding = 4; lastKnownFileType = sourcecode.c.objc; path = Singleton.m; sourceTree = "<group>"; };
		937C94101EE6B78E0046B504 /* MainViewController.h */ = {isa = PBXFileReference; fileEncoding = 4; lastKnownFileType = sourcecode.c.h; path = MainViewController.h; sourceTree = "<group>"; };
		937C94111EE6B78E0046B504 /* MainViewController.m */ = {isa = PBXFileReference; fileEncoding = 4; lastKnownFileType = sourcecode.c.objc; path = MainViewController.m; sourceTree = "<group>"; };
		937C94131EE6C7F10046B504 /* AddViewController.h */ = {isa = PBXFileReference; fileEncoding = 4; lastKnownFileType = sourcecode.c.h; path = AddViewController.h; sourceTree = "<group>"; };
		937C94141EE6C7F10046B504 /* AddViewController.m */ = {isa = PBXFileReference; fileEncoding = 4; lastKnownFileType = sourcecode.c.objc; path = AddViewController.m; sourceTree = "<group>"; };
		937C94161EE6CA480046B504 /* PopTaskViewController.h */ = {isa = PBXFileReference; fileEncoding = 4; lastKnownFileType = sourcecode.c.h; path = PopTaskViewController.h; sourceTree = "<group>"; };
		937C94171EE6CA480046B504 /* PopTaskViewController.m */ = {isa = PBXFileReference; fileEncoding = 4; lastKnownFileType = sourcecode.c.objc; path = PopTaskViewController.m; sourceTree = "<group>"; };
		937C941A1EE6CED90046B504 /* NoteCell.h */ = {isa = PBXFileReference; fileEncoding = 4; lastKnownFileType = sourcecode.c.h; path = NoteCell.h; sourceTree = "<group>"; };
		937C941B1EE6CED90046B504 /* NoteCell.m */ = {isa = PBXFileReference; fileEncoding = 4; lastKnownFileType = sourcecode.c.objc; path = NoteCell.m; sourceTree = "<group>"; };
		939FA0541EE825300021CB5A /* Colors.h */ = {isa = PBXFileReference; fileEncoding = 4; lastKnownFileType = sourcecode.c.h; path = Colors.h; sourceTree = "<group>"; };
		939FA0551EE825300021CB5A /* Colors.m */ = {isa = PBXFileReference; fileEncoding = 4; lastKnownFileType = sourcecode.c.objc; path = Colors.m; sourceTree = "<group>"; };
/* End PBXFileReference section */

/* Begin PBXFrameworksBuildPhase section */
		937C93CB1EE6A1EA0046B504 /* Frameworks */ = {
			isa = PBXFrameworksBuildPhase;
			buildActionMask = 2147483647;
			files = (
			);
			runOnlyForDeploymentPostprocessing = 0;
		};
		937C93E71EE6A1EA0046B504 /* Frameworks */ = {
			isa = PBXFrameworksBuildPhase;
			buildActionMask = 2147483647;
			files = (
			);
			runOnlyForDeploymentPostprocessing = 0;
		};
		937C93F21EE6A1EA0046B504 /* Frameworks */ = {
			isa = PBXFrameworksBuildPhase;
			buildActionMask = 2147483647;
			files = (
			);
			runOnlyForDeploymentPostprocessing = 0;
		};
/* End PBXFrameworksBuildPhase section */

/* Begin PBXGroup section */
		937C93C51EE6A1EA0046B504 = {
			isa = PBXGroup;
			children = (
				937C93D01EE6A1EA0046B504 /* reminder */,
				937C93ED1EE6A1EA0046B504 /* reminderTests */,
				937C93F81EE6A1EA0046B504 /* reminderUITests */,
				937C93CF1EE6A1EA0046B504 /* Products */,
			);
			sourceTree = "<group>";
		};
		937C93CF1EE6A1EA0046B504 /* Products */ = {
			isa = PBXGroup;
			children = (
				937C93CE1EE6A1EA0046B504 /* reminder.app */,
				937C93EA1EE6A1EA0046B504 /* reminderTests.xctest */,
				937C93F51EE6A1EA0046B504 /* reminderUITests.xctest */,
			);
			name = Products;
			sourceTree = "<group>";
		};
		937C93D01EE6A1EA0046B504 /* reminder */ = {
			isa = PBXGroup;
			children = (
				939FA0501EE822E70021CB5A /* aa */,
				937C94191EE6CEB40046B504 /* New Group */,
				937C940F1EE6B7700046B504 /* Controllers */,
				937C940B1EE6B34F0046B504 /* Singleton */,
				937C94071EE6B1B00046B504 /* Model */,
				937C93D41EE6A1EA0046B504 /* AppDelegate.h */,
				937C93D51EE6A1EA0046B504 /* AppDelegate.m */,
				937C93D71EE6A1EA0046B504 /* ViewController.h */,
				937C93D81EE6A1EA0046B504 /* ViewController.m */,
				937C93DA1EE6A1EA0046B504 /* Main.storyboard */,
				937C93E01EE6A1EA0046B504 /* Assets.xcassets */,
				937C93E21EE6A1EA0046B504 /* LaunchScreen.storyboard */,
				937C93E51EE6A1EA0046B504 /* Info.plist */,
				937C93DD1EE6A1EA0046B504 /* reminder.xcdatamodeld */,
				937C93D11EE6A1EA0046B504 /* Supporting Files */,
			);
			path = reminder;
			sourceTree = "<group>";
		};
		937C93D11EE6A1EA0046B504 /* Supporting Files */ = {
			isa = PBXGroup;
			children = (
				937C93D21EE6A1EA0046B504 /* main.m */,
			);
			name = "Supporting Files";
			sourceTree = "<group>";
		};
		937C93ED1EE6A1EA0046B504 /* reminderTests */ = {
			isa = PBXGroup;
			children = (
				937C93EE1EE6A1EA0046B504 /* reminderTests.m */,
				937C93F01EE6A1EA0046B504 /* Info.plist */,
			);
			path = reminderTests;
			sourceTree = "<group>";
		};
		937C93F81EE6A1EA0046B504 /* reminderUITests */ = {
			isa = PBXGroup;
			children = (
				937C93F91EE6A1EA0046B504 /* reminderUITests.m */,
				937C93FB1EE6A1EB0046B504 /* Info.plist */,
			);
			path = reminderUITests;
			sourceTree = "<group>";
		};
		937C94071EE6B1B00046B504 /* Model */ = {
			isa = PBXGroup;
			children = (
				937C94081EE6B1CB0046B504 /* Task.h */,
				937C94091EE6B1CB0046B504 /* Task.m */,
			);
			name = Model;
			sourceTree = "<group>";
		};
		937C940B1EE6B34F0046B504 /* Singleton */ = {
			isa = PBXGroup;
			children = (
				937C940C1EE6B36C0046B504 /* Singleton.h */,
				937C940D1EE6B36C0046B504 /* Singleton.m */,
			);
			name = Singleton;
			sourceTree = "<group>";
		};
		937C940F1EE6B7700046B504 /* Controllers */ = {
			isa = PBXGroup;
			children = (
				937C94101EE6B78E0046B504 /* MainViewController.h */,
				937C94111EE6B78E0046B504 /* MainViewController.m */,
				937C94131EE6C7F10046B504 /* AddViewController.h */,
				937C94141EE6C7F10046B504 /* AddViewController.m */,
				937C94161EE6CA480046B504 /* PopTaskViewController.h */,
				937C94171EE6CA480046B504 /* PopTaskViewController.m */,
			);
			name = Controllers;
			sourceTree = "<group>";
		};
		937C94191EE6CEB40046B504 /* New Group */ = {
			isa = PBXGroup;
			children = (
				937C941A1EE6CED90046B504 /* NoteCell.h */,
				937C941B1EE6CED90046B504 /* NoteCell.m */,
			);
			name = "New Group";
			sourceTree = "<group>";
		};
		939FA0501EE822E70021CB5A /* aa */ = {
			isa = PBXGroup;
			children = (
				939FA0541EE825300021CB5A /* Colors.h */,
				939FA0551EE825300021CB5A /* Colors.m */,
			);
			name = aa;
			sourceTree = "<group>";
		};
/* End PBXGroup section */

/* Begin PBXNativeTarget section */
		937C93CD1EE6A1EA0046B504 /* reminder */ = {
			isa = PBXNativeTarget;
			buildConfigurationList = 937C93FE1EE6A1EB0046B504 /* Build configuration list for PBXNativeTarget "reminder" */;
			buildPhases = (
				937C93CA1EE6A1EA0046B504 /* Sources */,
				937C93CB1EE6A1EA0046B504 /* Frameworks */,
				937C93CC1EE6A1EA0046B504 /* Resources */,
			);
			buildRules = (
			);
			dependencies = (
			);
			name = reminder;
			productName = reminder;
			productReference = 937C93CE1EE6A1EA0046B504 /* reminder.app */;
			productType = "com.apple.product-type.application";
		};
		937C93E91EE6A1EA0046B504 /* reminderTests */ = {
			isa = PBXNativeTarget;
			buildConfigurationList = 937C94011EE6A1EB0046B504 /* Build configuration list for PBXNativeTarget "reminderTests" */;
			buildPhases = (
				937C93E61EE6A1EA0046B504 /* Sources */,
				937C93E71EE6A1EA0046B504 /* Frameworks */,
				937C93E81EE6A1EA0046B504 /* Resources */,
			);
			buildRules = (
			);
			dependencies = (
				937C93EC1EE6A1EA0046B504 /* PBXTargetDependency */,
			);
			name = reminderTests;
			productName = reminderTests;
			productReference = 937C93EA1EE6A1EA0046B504 /* reminderTests.xctest */;
			productType = "com.apple.product-type.bundle.unit-test";
		};
		937C93F41EE6A1EA0046B504 /* reminderUITests */ = {
			isa = PBXNativeTarget;
			buildConfigurationList = 937C94041EE6A1EB0046B504 /* Build configuration list for PBXNativeTarget "reminderUITests" */;
			buildPhases = (
				937C93F11EE6A1EA0046B504 /* Sources */,
				937C93F21EE6A1EA0046B504 /* Frameworks */,
				937C93F31EE6A1EA0046B504 /* Resources */,
			);
			buildRules = (
			);
			dependencies = (
				937C93F71EE6A1EA0046B504 /* PBXTargetDependency */,
			);
			name = reminderUITests;
			productName = reminderUITests;
			productReference = 937C93F51EE6A1EA0046B504 /* reminderUITests.xctest */;
			productType = "com.apple.product-type.bundle.ui-testing";
		};
/* End PBXNativeTarget section */

/* Begin PBXProject section */
		937C93C61EE6A1EA0046B504 /* Project object */ = {
			isa = PBXProject;
			attributes = {
				LastUpgradeCheck = 0830;
				ORGANIZATIONNAME = Nikola;
				TargetAttributes = {
					937C93CD1EE6A1EA0046B504 = {
						CreatedOnToolsVersion = 8.3.2;
						ProvisioningStyle = Automatic;
					};
					937C93E91EE6A1EA0046B504 = {
						CreatedOnToolsVersion = 8.3.2;
						ProvisioningStyle = Automatic;
						TestTargetID = 937C93CD1EE6A1EA0046B504;
					};
					937C93F41EE6A1EA0046B504 = {
						CreatedOnToolsVersion = 8.3.2;
						ProvisioningStyle = Automatic;
						TestTargetID = 937C93CD1EE6A1EA0046B504;
					};
				};
			};
			buildConfigurationList = 937C93C91EE6A1EA0046B504 /* Build configuration list for PBXProject "reminder" */;
			compatibilityVersion = "Xcode 3.2";
			developmentRegion = English;
			hasScannedForEncodings = 0;
			knownRegions = (
				en,
				Base,
			);
			mainGroup = 937C93C51EE6A1EA0046B504;
			productRefGroup = 937C93CF1EE6A1EA0046B504 /* Products */;
			projectDirPath = "";
			projectRoot = "";
			targets = (
				937C93CD1EE6A1EA0046B504 /* reminder */,
				937C93E91EE6A1EA0046B504 /* reminderTests */,
				937C93F41EE6A1EA0046B504 /* reminderUITests */,
			);
		};
/* End PBXProject section */

/* Begin PBXResourcesBuildPhase section */
		937C93CC1EE6A1EA0046B504 /* Resources */ = {
			isa = PBXResourcesBuildPhase;
			buildActionMask = 2147483647;
			files = (
				937C93E41EE6A1EA0046B504 /* LaunchScreen.storyboard in Resources */,
				937C93E11EE6A1EA0046B504 /* Assets.xcassets in Resources */,
				937C93DC1EE6A1EA0046B504 /* Main.storyboard in Resources */,
			);
			runOnlyForDeploymentPostprocessing = 0;
		};
		937C93E81EE6A1EA0046B504 /* Resources */ = {
			isa = PBXResourcesBuildPhase;
			buildActionMask = 2147483647;
			files = (
			);
			runOnlyForDeploymentPostprocessing = 0;
		};
		937C93F31EE6A1EA0046B504 /* Resources */ = {
			isa = PBXResourcesBuildPhase;
			buildActionMask = 2147483647;
			files = (
			);
			runOnlyForDeploymentPostprocessing = 0;
		};
/* End PBXResourcesBuildPhase section */

/* Begin PBXSourcesBuildPhase section */
		937C93CA1EE6A1EA0046B504 /* Sources */ = {
			isa = PBXSourcesBuildPhase;
			buildActionMask = 2147483647;
			files = (
				937C940A1EE6B1CB0046B504 /* Task.m in Sources */,
				937C93D91EE6A1EA0046B504 /* ViewController.m in Sources */,
				937C93D61EE6A1EA0046B504 /* AppDelegate.m in Sources */,
				937C940E1EE6B36C0046B504 /* Singleton.m in Sources */,
				937C94121EE6B78E0046B504 /* MainViewController.m in Sources */,
				937C941C1EE6CED90046B504 /* NoteCell.m in Sources */,
				937C93D31EE6A1EA0046B504 /* main.m in Sources */,
				939FA0561EE825300021CB5A /* Colors.m in Sources */,
				937C94151EE6C7F10046B504 /* AddViewController.m in Sources */,
				937C94181EE6CA480046B504 /* PopTaskViewController.m in Sources */,
				937C93DF1EE6A1EA0046B504 /* reminder.xcdatamodeld in Sources */,
			);
			runOnlyForDeploymentPostprocessing = 0;
		};
		937C93E61EE6A1EA0046B504 /* Sources */ = {
			isa = PBXSourcesBuildPhase;
			buildActionMask = 2147483647;
			files = (
				937C93EF1EE6A1EA0046B504 /* reminderTests.m in Sources */,
			);
			runOnlyForDeploymentPostprocessing = 0;
		};
		937C93F11EE6A1EA0046B504 /* Sources */ = {
			isa = PBXSourcesBuildPhase;
			buildActionMask = 2147483647;
			files = (
				937C93FA1EE6A1EA0046B504 /* reminderUITests.m in Sources */,
			);
			runOnlyForDeploymentPostprocessing = 0;
		};
/* End PBXSourcesBuildPhase section */

/* Begin PBXTargetDependency section */
		937C93EC1EE6A1EA0046B504 /* PBXTargetDependency */ = {
			isa = PBXTargetDependency;
			target = 937C93CD1EE6A1EA0046B504 /* reminder */;
			targetProxy = 937C93EB1EE6A1EA0046B504 /* PBXContainerItemProxy */;
		};
		937C93F71EE6A1EA0046B504 /* PBXTargetDependency */ = {
			isa = PBXTargetDependency;
			target = 937C93CD1EE6A1EA0046B504 /* reminder */;
			targetProxy = 937C93F61EE6A1EA0046B504 /* PBXContainerItemProxy */;
		};
/* End PBXTargetDependency section */

/* Begin PBXVariantGroup section */
		937C93DA1EE6A1EA0046B504 /* Main.storyboard */ = {
			isa = PBXVariantGroup;
			children = (
				937C93DB1EE6A1EA0046B504 /* Base */,
			);
			name = Main.storyboard;
			sourceTree = "<group>";
		};
		937C93E21EE6A1EA0046B504 /* LaunchScreen.storyboard */ = {
			isa = PBXVariantGroup;
			children = (
				937C93E31EE6A1EA0046B504 /* Base */,
			);
			name = LaunchScreen.storyboard;
			sourceTree = "<group>";
		};
/* End PBXVariantGroup section */

/* Begin XCBuildConfiguration section */
		937C93FC1EE6A1EB0046B504 /* Debug */ = {
			isa = XCBuildConfiguration;
			buildSettings = {
				ALWAYS_SEARCH_USER_PATHS = NO;
				CLANG_ANALYZER_NONNULL = YES;
				CLANG_ANALYZER_NUMBER_OBJECT_CONVERSION = YES_AGGRESSIVE;
				CLANG_CXX_LANGUAGE_STANDARD = "gnu++0x";
				CLANG_CXX_LIBRARY = "libc++";
				CLANG_ENABLE_MODULES = YES;
				CLANG_ENABLE_OBJC_ARC = YES;
				CLANG_WARN_BOOL_CONVERSION = YES;
				CLANG_WARN_CONSTANT_CONVERSION = YES;
				CLANG_WARN_DIRECT_OBJC_ISA_USAGE = YES_ERROR;
				CLANG_WARN_DOCUMENTATION_COMMENTS = YES;
				CLANG_WARN_EMPTY_BODY = YES;
				CLANG_WARN_ENUM_CONVERSION = YES;
				CLANG_WARN_INFINITE_RECURSION = YES;
				CLANG_WARN_INT_CONVERSION = YES;
				CLANG_WARN_OBJC_ROOT_CLASS = YES_ERROR;
				CLANG_WARN_SUSPICIOUS_MOVE = YES;
				CLANG_WARN_UNREACHABLE_CODE = YES;
				CLANG_WARN__DUPLICATE_METHOD_MATCH = YES;
				"CODE_SIGN_IDENTITY[sdk=iphoneos*]" = "iPhone Developer";
				COPY_PHASE_STRIP = NO;
				DEBUG_INFORMATION_FORMAT = dwarf;
				ENABLE_STRICT_OBJC_MSGSEND = YES;
				ENABLE_TESTABILITY = YES;
				GCC_C_LANGUAGE_STANDARD = gnu99;
				GCC_DYNAMIC_NO_PIC = NO;
				GCC_NO_COMMON_BLOCKS = YES;
				GCC_OPTIMIZATION_LEVEL = 0;
				GCC_PREPROCESSOR_DEFINITIONS = (
					"DEBUG=1",
					"$(inherited)",
				);
				GCC_WARN_64_TO_32_BIT_CONVERSION = YES;
				GCC_WARN_ABOUT_RETURN_TYPE = YES_ERROR;
				GCC_WARN_UNDECLARED_SELECTOR = YES;
				GCC_WARN_UNINITIALIZED_AUTOS = YES_AGGRESSIVE;
				GCC_WARN_UNUSED_FUNCTION = YES;
				GCC_WARN_UNUSED_VARIABLE = YES;
				IPHONEOS_DEPLOYMENT_TARGET = 10.3;
				MTL_ENABLE_DEBUG_INFO = YES;
				ONLY_ACTIVE_ARCH = YES;
				SDKROOT = iphoneos;
				TARGETED_DEVICE_FAMILY = "1,2";
			};
			name = Debug;
		};
		937C93FD1EE6A1EB0046B504 /* Release */ = {
			isa = XCBuildConfiguration;
			buildSettings = {
				ALWAYS_SEARCH_USER_PATHS = NO;
				CLANG_ANALYZER_NONNULL = YES;
				CLANG_ANALYZER_NUMBER_OBJECT_CONVERSION = YES_AGGRESSIVE;
				CLANG_CXX_LANGUAGE_STANDARD = "gnu++0x";
				CLANG_CXX_LIBRARY = "libc++";
				CLANG_ENABLE_MODULES = YES;
				CLANG_ENABLE_OBJC_ARC = YES;
				CLANG_WARN_BOOL_CONVERSION = YES;
				CLANG_WARN_CONSTANT_CONVERSION = YES;
				CLANG_WARN_DIRECT_OBJC_ISA_USAGE = YES_ERROR;
				CLANG_WARN_DOCUMENTATION_COMMENTS = YES;
				CLANG_WARN_EMPTY_BODY = YES;
				CLANG_WARN_ENUM_CONVERSION = YES;
				CLANG_WARN_INFINITE_RECURSION = YES;
				CLANG_WARN_INT_CONVERSION = YES;
				CLANG_WARN_OBJC_ROOT_CLASS = YES_ERROR;
				CLANG_WARN_SUSPICIOUS_MOVE = YES;
				CLANG_WARN_UNREACHABLE_CODE = YES;
				CLANG_WARN__DUPLICATE_METHOD_MATCH = YES;
				"CODE_SIGN_IDENTITY[sdk=iphoneos*]" = "iPhone Developer";
				COPY_PHASE_STRIP = NO;
				DEBUG_INFORMATION_FORMAT = "dwarf-with-dsym";
				ENABLE_NS_ASSERTIONS = NO;
				ENABLE_STRICT_OBJC_MSGSEND = YES;
				GCC_C_LANGUAGE_STANDARD = gnu99;
				GCC_NO_COMMON_BLOCKS = YES;
				GCC_WARN_64_TO_32_BIT_CONVERSION = YES;
				GCC_WARN_ABOUT_RETURN_TYPE = YES_ERROR;
				GCC_WARN_UNDECLARED_SELECTOR = YES;
				GCC_WARN_UNINITIALIZED_AUTOS = YES_AGGRESSIVE;
				GCC_WARN_UNUSED_FUNCTION = YES;
				GCC_WARN_UNUSED_VARIABLE = YES;
				IPHONEOS_DEPLOYMENT_TARGET = 10.3;
				MTL_ENABLE_DEBUG_INFO = NO;
				SDKROOT = iphoneos;
				TARGETED_DEVICE_FAMILY = "1,2";
				VALIDATE_PRODUCT = YES;
			};
			name = Release;
		};
		937C93FF1EE6A1EB0046B504 /* Debug */ = {
			isa = XCBuildConfiguration;
			buildSettings = {
				ASSETCATALOG_COMPILER_APPICON_NAME = AppIcon;
				INFOPLIST_FILE = reminder/Info.plist;
				LD_RUNPATH_SEARCH_PATHS = "$(inherited) @executable_path/Frameworks";
				PRODUCT_BUNDLE_IDENTIFIER = "engineers-nikolaDejic.reminder";
				PRODUCT_NAME = "$(TARGET_NAME)";
			};
			name = Debug;
		};
		937C94001EE6A1EB0046B504 /* Release */ = {
			isa = XCBuildConfiguration;
			buildSettings = {
				ASSETCATALOG_COMPILER_APPICON_NAME = AppIcon;
				INFOPLIST_FILE = reminder/Info.plist;
				LD_RUNPATH_SEARCH_PATHS = "$(inherited) @executable_path/Frameworks";
				PRODUCT_BUNDLE_IDENTIFIER = "engineers-nikolaDejic.reminder";
				PRODUCT_NAME = "$(TARGET_NAME)";
			};
			name = Release;
		};
		937C94021EE6A1EB0046B504 /* Debug */ = {
			isa = XCBuildConfiguration;
			buildSettings = {
				BUNDLE_LOADER = "$(TEST_HOST)";
				INFOPLIST_FILE = reminderTests/Info.plist;
				LD_RUNPATH_SEARCH_PATHS = "$(inherited) @executable_path/Frameworks @loader_path/Frameworks";
				PRODUCT_BUNDLE_IDENTIFIER = "engineers-nikolaDejic.reminderTests";
				PRODUCT_NAME = "$(TARGET_NAME)";
				TEST_HOST = "$(BUILT_PRODUCTS_DIR)/reminder.app/reminder";
			};
			name = Debug;
		};
		937C94031EE6A1EB0046B504 /* Release */ = {
			isa = XCBuildConfiguration;
			buildSettings = {
				BUNDLE_LOADER = "$(TEST_HOST)";
				INFOPLIST_FILE = reminderTests/Info.plist;
				LD_RUNPATH_SEARCH_PATHS = "$(inherited) @executable_path/Frameworks @loader_path/Frameworks";
				PRODUCT_BUNDLE_IDENTIFIER = "engineers-nikolaDejic.reminderTests";
				PRODUCT_NAME = "$(TARGET_NAME)";
				TEST_HOST = "$(BUILT_PRODUCTS_DIR)/reminder.app/reminder";
			};
			name = Release;
		};
		937C94051EE6A1EB0046B504 /* Debug */ = {
			isa = XCBuildConfiguration;
			buildSettings = {
				INFOPLIST_FILE = reminderUITests/Info.plist;
				LD_RUNPATH_SEARCH_PATHS = "$(inherited) @executable_path/Frameworks @loader_path/Frameworks";
				PRODUCT_BUNDLE_IDENTIFIER = "engineers-nikolaDejic.reminderUITests";
				PRODUCT_NAME = "$(TARGET_NAME)";
				TEST_TARGET_NAME = reminder;
			};
			name = Debug;
		};
		937C94061EE6A1EB0046B504 /* Release */ = {
			isa = XCBuildConfiguration;
			buildSettings = {
				INFOPLIST_FILE = reminderUITests/Info.plist;
				LD_RUNPATH_SEARCH_PATHS = "$(inherited) @executable_path/Frameworks @loader_path/Frameworks";
				PRODUCT_BUNDLE_IDENTIFIER = "engineers-nikolaDejic.reminderUITests";
				PRODUCT_NAME = "$(TARGET_NAME)";
				TEST_TARGET_NAME = reminder;
			};
			name = Release;
		};
/* End XCBuildConfiguration section */

/* Begin XCConfigurationList section */
		937C93C91EE6A1EA0046B504 /* Build configuration list for PBXProject "reminder" */ = {
			isa = XCConfigurationList;
			buildConfigurations = (
				937C93FC1EE6A1EB0046B504 /* Debug */,
				937C93FD1EE6A1EB0046B504 /* Release */,
			);
			defaultConfigurationIsVisible = 0;
			defaultConfigurationName = Release;
		};
		937C93FE1EE6A1EB0046B504 /* Build configuration list for PBXNativeTarget "reminder" */ = {
			isa = XCConfigurationList;
			buildConfigurations = (
				937C93FF1EE6A1EB0046B504 /* Debug */,
				937C94001EE6A1EB0046B504 /* Release */,
			);
			defaultConfigurationIsVisible = 0;
			defaultConfigurationName = Release;
		};
		937C94011EE6A1EB0046B504 /* Build configuration list for PBXNativeTarget "reminderTests" */ = {
			isa = XCConfigurationList;
			buildConfigurations = (
				937C94021EE6A1EB0046B504 /* Debug */,
				937C94031EE6A1EB0046B504 /* Release */,
			);
			defaultConfigurationIsVisible = 0;
			defaultConfigurationName = Release;
		};
		937C94041EE6A1EB0046B504 /* Build configuration list for PBXNativeTarget "reminderUITests" */ = {
			isa = XCConfigurationList;
			buildConfigurations = (
				937C94051EE6A1EB0046B504 /* Debug */,
				937C94061EE6A1EB0046B504 /* Release */,
			);
			defaultConfigurationIsVisible = 0;
			defaultConfigurationName = Release;
		};
/* End XCConfigurationList section */

/* Begin XCVersionGroup section */
		937C93DD1EE6A1EA0046B504 /* reminder.xcdatamodeld */ = {
			isa = XCVersionGroup;
			children = (
				937C93DE1EE6A1EA0046B504 /* reminder.xcdatamodel */,
			);
			currentVersion = 937C93DE1EE6A1EA0046B504 /* reminder.xcdatamodel */;
			path = reminder.xcdatamodeld;
			sourceTree = "<group>";
			versionGroupType = wrapper.xcdatamodel;
		};
/* End XCVersionGroup section */
	};
	rootObject = 937C93C61EE6A1EA0046B504 /* Project object */;
}
